
Microsoft Visual Studio Solution File, Format Version 12.00
# Visual Studio 15
Project("{FAE04EC0-301F-11D3-BF4B-00C04F79EFBC}") = "Assembly-CSharp-Editor", "Assembly-CSharp-Editor.csproj", "{EBDF7CD9-2958-9BB9-9FFE-EC8DE38B9D2B}"
EndProject
Project("{FAE04EC0-301F-11D3-BF4B-00C04F79EFBC}") = "Assembly-CSharp", "Assembly-CSharp.csproj", "{3106BC97-29B5-9F50-066D-336F48D19F04}"
EndProject
Global
	GlobalSection(SolutionConfigurationPlatforms) = preSolution
		Debug|Any CPU = Debug|Any CPU
		Release|Any CPU = Release|Any CPU
	EndGlobalSection
	GlobalSection(ProjectConfigurationPlatforms) = postSolution
		{EBDF7CD9-2958-9BB9-9FFE-EC8DE38B9D2B}.Debug|Any CPU.ActiveCfg = Debug|Any CPU
		{EBDF7CD9-2958-9BB9-9FFE-EC8DE38B9D2B}.Debug|Any CPU.Build.0 = Debug|Any CPU
		{EBDF7CD9-2958-9BB9-9FFE-EC8DE38B9D2B}.Release|Any CPU.ActiveCfg = Release|Any CPU
		{EBDF7CD9-2958-9BB9-9FFE-EC8DE38B9D2B}.Release|Any CPU.Build.0 = Release|Any CPU
		{3106BC97-29B5-9F50-066D-336F48D19F04}.Debug|Any CPU.ActiveCfg = Debug|Any CPU
		{3106BC97-29B5-9F50-066D-336F48D19F04}.Debug|Any CPU.Build.0 = Debug|Any CPU
		{3106BC97-29B5-9F50-066D-336F48D19F04}.Release|Any CPU.ActiveCfg = Release|Any CPU
		{3106BC97-29B5-9F50-066D-336F48D19F04}.Release|Any CPU.Build.0 = Release|Any CPU
	EndGlobalSection
	GlobalSection(SolutionProperties) = preSolution
		HideSolutionNode = FALSE
	EndGlobalSection
EndGlobal
